
Microsoft Visual Studio Solution File, Format Version 12.00
# Visual Studio Version 17
VisualStudioVersion = 17.0.32014.148
MinimumVisualStudioVersion = 10.0.40219.1
Project("{FAE04EC0-301F-11D3-BF4B-00C04F79EFBC}") = "UserRegistrationProject", "UserRegistrationProject\UserRegistrationProject.csproj", "{49BAADB0-6509-444A-BFAB-8E6E7F793478}"
EndProject
Project("{FAE04EC0-301F-11D3-BF4B-00C04F79EFBC}") = "UserRegistration", "..\UserRegistration\UserRegistration.csproj", "{72212F97-3CAC-4E04-98A4-81659BEC43ED}"
EndProject
Global
	GlobalSection(SolutionConfigurationPlatforms) = preSolution
		Debug|Any CPU = Debug|Any CPU
		Release|Any CPU = Release|Any CPU
	EndGlobalSection
	GlobalSection(ProjectConfigurationPlatforms) = postSolution
		{49BAADB0-6509-444A-BFAB-8E6E7F793478}.Debug|Any CPU.ActiveCfg = Debug|Any CPU
		{49BAADB0-6509-444A-BFAB-8E6E7F793478}.Debug|Any CPU.Build.0 = Debug|Any CPU
		{49BAADB0-6509-444A-BFAB-8E6E7F793478}.Release|Any CPU.ActiveCfg = Release|Any CPU
		{49BAADB0-6509-444A-BFAB-8E6E7F793478}.Release|Any CPU.Build.0 = Release|Any CPU
		{72212F97-3CAC-4E04-98A4-81659BEC43ED}.Debug|Any CPU.ActiveCfg = Debug|Any CPU
		{72212F97-3CAC-4E04-98A4-81659BEC43ED}.Debug|Any CPU.Build.0 = Debug|Any CPU
		{72212F97-3CAC-4E04-98A4-81659BEC43ED}.Release|Any CPU.ActiveCfg = Release|Any CPU
		{72212F97-3CAC-4E04-98A4-81659BEC43ED}.Release|Any CPU.Build.0 = Release|Any CPU
	EndGlobalSection
	GlobalSection(SolutionProperties) = preSolution
		HideSolutionNode = FALSE
	EndGlobalSection
	GlobalSection(ExtensibilityGlobals) = postSolution
		SolutionGuid = {8AE49ABA-EFC8-486D-BEB9-25203A015FD9}
	EndGlobalSection
EndGlobal
